
Microsoft Visual Studio Solution File, Format Version 12.00
Project("{FAE04EC0-301F-11D3-BF4B-00C04F79EFBC}") = "Spoon.NuGet.Mediator.PipelineBehaviors.Permission", "Spoon.NuGet.Mediator.PipelineBehaviors.Permission\Spoon.NuGet.Mediator.PipelineBehaviors.Permission.csproj", "{0DBF12D2-6D29-4693-B0FC-E3A5AC5B30FE}"
EndProject
Global
	GlobalSection(SolutionConfigurationPlatforms) = preSolution
		Debug|Any CPU = Debug|Any CPU
		Release|Any CPU = Release|Any CPU
	EndGlobalSection
	GlobalSection(ProjectConfigurationPlatforms) = postSolution
		{0DBF12D2-6D29-4693-B0FC-E3A5AC5B30FE}.Debug|Any CPU.ActiveCfg = Debug|Any CPU
		{0DBF12D2-6D29-4693-B0FC-E3A5AC5B30FE}.Debug|Any CPU.Build.0 = Debug|Any CPU
		{0DBF12D2-6D29-4693-B0FC-E3A5AC5B30FE}.Release|Any CPU.ActiveCfg = Release|Any CPU
		{0DBF12D2-6D29-4693-B0FC-E3A5AC5B30FE}.Release|Any CPU.Build.0 = Release|Any CPU
	EndGlobalSection
EndGlobal
